
Microsoft Visual Studio Solution File, Format Version 12.00
# Visual Studio 15
VisualStudioVersion = 15.0.28307.168
MinimumVisualStudioVersion = 10.0.40219.1
Project("{FAE04EC0-301F-11D3-BF4B-00C04F79EFBC}") = "类适配器", "适配器模式\类适配器.csproj", "{5892CC39-DF81-4DF1-864B-19B1C2BF6110}"
EndProject
Project("{FAE04EC0-301F-11D3-BF4B-00C04F79EFBC}") = "对象适配器", "对象适配器\对象适配器.csproj", "{6F74B8EA-08B4-49AE-A920-97D245EF3BC6}"
EndProject
Global
	GlobalSection(SolutionConfigurationPlatforms) = preSolution
		Debug|Any CPU = Debug|Any CPU
		Release|Any CPU = Release|Any CPU
	EndGlobalSection
	GlobalSection(ProjectConfigurationPlatforms) = postSolution
		{5892CC39-DF81-4DF1-864B-19B1C2BF6110}.Debug|Any CPU.ActiveCfg = Debug|Any CPU
		{5892CC39-DF81-4DF1-864B-19B1C2BF6110}.Debug|Any CPU.Build.0 = Debug|Any CPU
		{5892CC39-DF81-4DF1-864B-19B1C2BF6110}.Release|Any CPU.ActiveCfg = Release|Any CPU
		{5892CC39-DF81-4DF1-864B-19B1C2BF6110}.Release|Any CPU.Build.0 = Release|Any CPU
		{6F74B8EA-08B4-49AE-A920-97D245EF3BC6}.Debug|Any CPU.ActiveCfg = Debug|Any CPU
		{6F74B8EA-08B4-49AE-A920-97D245EF3BC6}.Debug|Any CPU.Build.0 = Debug|Any CPU
		{6F74B8EA-08B4-49AE-A920-97D245EF3BC6}.Release|Any CPU.ActiveCfg = Release|Any CPU
		{6F74B8EA-08B4-49AE-A920-97D245EF3BC6}.Release|Any CPU.Build.0 = Release|Any CPU
	EndGlobalSection
	GlobalSection(SolutionProperties) = preSolution
		HideSolutionNode = FALSE
	EndGlobalSection
	GlobalSection(ExtensibilityGlobals) = postSolution
		SolutionGuid = {C7CABA79-D1EB-46D8-96B8-F5D133076E26}
	EndGlobalSection
EndGlobal
